Microsoft Visual Studio Solution File, Format Version 7.00
Project("{8BC9CEB8-8B4A-11D0-8D11-00A0C91BC942}") = "native_midi", "native_midi.vcproj", "{29562E79-B8A3-4A05-A863-759469637E30}"
EndProject
Global
	GlobalSection(SolutionConfiguration) = preSolution
		ConfigName.0 = Debug
		ConfigName.1 = Profile
		ConfigName.2 = Profile_FastCap
		ConfigName.3 = Release
		ConfigName.4 = Release_LTCG
	EndGlobalSection
	GlobalSection(ProjectDependencies) = postSolution
	EndGlobalSection
	GlobalSection(ProjectConfiguration) = postSolution
		{29562E79-B8A3-4A05-A863-759469637E30}.Debug.ActiveCfg = Debug|Xbox
		{29562E79-B8A3-4A05-A863-759469637E30}.Debug.Build.0 = Debug|Xbox
		{29562E79-B8A3-4A05-A863-759469637E30}.Profile.ActiveCfg = Profile|Xbox
		{29562E79-B8A3-4A05-A863-759469637E30}.Profile.Build.0 = Profile|Xbox
		{29562E79-B8A3-4A05-A863-759469637E30}.Profile_FastCap.ActiveCfg = Profile_FastCap|Xbox
		{29562E79-B8A3-4A05-A863-759469637E30}.Profile_FastCap.Build.0 = Profile_FastCap|Xbox
		{29562E79-B8A3-4A05-A863-759469637E30}.Release.ActiveCfg = Release|Xbox
		{29562E79-B8A3-4A05-A863-759469637E30}.Release.Build.0 = Release|Xbox
		{29562E79-B8A3-4A05-A863-759469637E30}.Release_LTCG.ActiveCfg = Release_LTCG|Xbox
		{29562E79-B8A3-4A05-A863-759469637E30}.Release_LTCG.Build.0 = Release_LTCG|Xbox
	EndGlobalSection
	GlobalSection(ExtensibilityGlobals) = postSolution
	EndGlobalSection
	GlobalSection(ExtensibilityAddIns) = postSolution
	EndGlobalSection
EndGlobal
