Microsoft Visual Studio Solution File, Format Version 8.00
Project("{8BC9CEB8-8B4A-11D0-8D11-00A0C91BC942}") = "smpeg", "smpeg.vcproj", "{D9F22BE8-D27B-4070-A701-EA2CA4D206CE}"
	ProjectSection(ProjectDependencies) = postProject
	EndProjectSection
EndProject
Global
	GlobalSection(SolutionConfiguration) = preSolution
		Debug = Debug
		Release = Release
	EndGlobalSection
	GlobalSection(ProjectConfiguration) = postSolution
		{D9F22BE8-D27B-4070-A701-EA2CA4D206CE}.Debug.ActiveCfg = Debug|Xbox
		{D9F22BE8-D27B-4070-A701-EA2CA4D206CE}.Debug.Build.0 = Debug|Xbox
		{D9F22BE8-D27B-4070-A701-EA2CA4D206CE}.Release.ActiveCfg = Release|Win32
		{D9F22BE8-D27B-4070-A701-EA2CA4D206CE}.Release.Build.0 = Release|Win32
	EndGlobalSection
	GlobalSection(ExtensibilityGlobals) = postSolution
	EndGlobalSection
	GlobalSection(ExtensibilityAddIns) = postSolution
	EndGlobalSection
EndGlobal
